Microsoft Visual Studio Solution File, Format Version 12.00
# Visual Studio 15
VisualStudioVersion = 15.0.26723.0
MinimumVisualStudioVersion = 15.0.26124.0
Project("{9A19103F-16F7-4668-BE54-9A1E7A4F7556}") = "PiClient", "PiClient\PiClient.csproj", "{6B733CB7-A9F2-4EB2-AD9D-94C4F03DFE18}"
EndProject
Project("{9A19103F-16F7-4668-BE54-9A1E7A4F7556}") = "IotHubMessaging", "IotHubMessaging\IotHubMessaging.csproj", "{10F33B9B-005E-4592-884B-4755747E9578}"
EndProject
Global
	GlobalSection(SolutionConfigurationPlatforms) = preSolution
		Debug|Any CPU = Debug|Any CPU
		Debug|x64 = Debug|x64
		Debug|x86 = Debug|x86
		Release|Any CPU = Release|Any CPU
		Release|x64 = Release|x64
		Release|x86 = Release|x86
	EndGlobalSection
	GlobalSection(ProjectConfigurationPlatforms) = postSolution
		{6B733CB7-A9F2-4EB2-AD9D-94C4F03DFE18}.Debug|Any CPU.ActiveCfg = Debug|Any CPU
		{6B733CB7-A9F2-4EB2-AD9D-94C4F03DFE18}.Debug|Any CPU.Build.0 = Debug|Any CPU
		{6B733CB7-A9F2-4EB2-AD9D-94C4F03DFE18}.Debug|x64.ActiveCfg = Debug|Any CPU
		{6B733CB7-A9F2-4EB2-AD9D-94C4F03DFE18}.Debug|x64.Build.0 = Debug|Any CPU
		{6B733CB7-A9F2-4EB2-AD9D-94C4F03DFE18}.Debug|x86.ActiveCfg = Debug|Any CPU
		{6B733CB7-A9F2-4EB2-AD9D-94C4F03DFE18}.Debug|x86.Build.0 = Debug|Any CPU
		{6B733CB7-A9F2-4EB2-AD9D-94C4F03DFE18}.Release|Any CPU.ActiveCfg = Release|Any CPU
		{6B733CB7-A9F2-4EB2-AD9D-94C4F03DFE18}.Release|Any CPU.Build.0 = Release|Any CPU
		{6B733CB7-A9F2-4EB2-AD9D-94C4F03DFE18}.Release|x64.ActiveCfg = Release|Any CPU
		{6B733CB7-A9F2-4EB2-AD9D-94C4F03DFE18}.Release|x64.Build.0 = Release|Any CPU
		{6B733CB7-A9F2-4EB2-AD9D-94C4F03DFE18}.Release|x86.ActiveCfg = Release|Any CPU
		{6B733CB7-A9F2-4EB2-AD9D-94C4F03DFE18}.Release|x86.Build.0 = Release|Any CPU
		{10F33B9B-005E-4592-884B-4755747E9578}.Debug|Any CPU.ActiveCfg = Debug|Any CPU
		{10F33B9B-005E-4592-884B-4755747E9578}.Debug|Any CPU.Build.0 = Debug|Any CPU
		{10F33B9B-005E-4592-884B-4755747E9578}.Debug|x64.ActiveCfg = Debug|Any CPU
		{10F33B9B-005E-4592-884B-4755747E9578}.Debug|x64.Build.0 = Debug|Any CPU
		{10F33B9B-005E-4592-884B-4755747E9578}.Debug|x86.ActiveCfg = Debug|Any CPU
		{10F33B9B-005E-4592-884B-4755747E9578}.Debug|x86.Build.0 = Debug|Any CPU
		{10F33B9B-005E-4592-884B-4755747E9578}.Release|Any CPU.ActiveCfg = Release|Any CPU
		{10F33B9B-005E-4592-884B-4755747E9578}.Release|Any CPU.Build.0 = Release|Any CPU
		{10F33B9B-005E-4592-884B-4755747E9578}.Release|x64.ActiveCfg = Release|Any CPU
		{10F33B9B-005E-4592-884B-4755747E9578}.Release|x64.Build.0 = Release|Any CPU
		{10F33B9B-005E-4592-884B-4755747E9578}.Release|x86.ActiveCfg = Release|Any CPU
		{10F33B9B-005E-4592-884B-4755747E9578}.Release|x86.Build.0 = Release|Any CPU
	EndGlobalSection
	GlobalSection(SolutionProperties) = preSolution
		HideSolutionNode = FALSE
	EndGlobalSection
	GlobalSection(ExtensibilityGlobals) = postSolution
		SolutionGuid = {BB5B509C-2A40-47BE-8373-DC1091F0FE59}
	EndGlobalSection
EndGlobal
