Microsoft Visual Studio Solution File, Format Version 12.00
# Visual Studio 15
VisualStudioVersion = 15.0.26723.0
MinimumVisualStudioVersion = 15.0.26124.0
Project("{9A19103F-16F7-4668-BE54-9A1E7A4F7556}") = "DeviceApp", "DeviceApp\DeviceApp.csproj", "{F9CB7E72-C870-4966-A661-B2FDACCEB7DE}"
EndProject
Global
	GlobalSection(SolutionConfigurationPlatforms) = preSolution
		Debug|Any CPU = Debug|Any CPU
		Debug|x64 = Debug|x64
		Debug|x86 = Debug|x86
		Release|Any CPU = Release|Any CPU
		Release|x64 = Release|x64
		Release|x86 = Release|x86
	EndGlobalSection
	GlobalSection(ProjectConfigurationPlatforms) = postSolution
		{F9CB7E72-C870-4966-A661-B2FDACCEB7DE}.Debug|Any CPU.ActiveCfg = Debug|Any CPU
		{F9CB7E72-C870-4966-A661-B2FDACCEB7DE}.Debug|Any CPU.Build.0 = Debug|Any CPU
		{F9CB7E72-C870-4966-A661-B2FDACCEB7DE}.Debug|x64.ActiveCfg = Debug|Any CPU
		{F9CB7E72-C870-4966-A661-B2FDACCEB7DE}.Debug|x64.Build.0 = Debug|Any CPU
		{F9CB7E72-C870-4966-A661-B2FDACCEB7DE}.Debug|x86.ActiveCfg = Debug|Any CPU
		{F9CB7E72-C870-4966-A661-B2FDACCEB7DE}.Debug|x86.Build.0 = Debug|Any CPU
		{F9CB7E72-C870-4966-A661-B2FDACCEB7DE}.Release|Any CPU.ActiveCfg = Release|Any CPU
		{F9CB7E72-C870-4966-A661-B2FDACCEB7DE}.Release|Any CPU.Build.0 = Release|Any CPU
		{F9CB7E72-C870-4966-A661-B2FDACCEB7DE}.Release|x64.ActiveCfg = Release|Any CPU
		{F9CB7E72-C870-4966-A661-B2FDACCEB7DE}.Release|x64.Build.0 = Release|Any CPU
		{F9CB7E72-C870-4966-A661-B2FDACCEB7DE}.Release|x86.ActiveCfg = Release|Any CPU
		{F9CB7E72-C870-4966-A661-B2FDACCEB7DE}.Release|x86.Build.0 = Release|Any CPU
	EndGlobalSection
	GlobalSection(SolutionProperties) = preSolution
		HideSolutionNode = FALSE
	EndGlobalSection
	GlobalSection(ExtensibilityGlobals) = postSolution
		SolutionGuid = {BB5B509C-2A40-47BE-8373-DC1091F0FE59}
	EndGlobalSection
EndGlobal
